
Microsoft Visual Studio Solution File, Format Version 12.00
# Visual Studio 14
VisualStudioVersion = 14.0.25420.1
MinimumVisualStudioVersion = 10.0.40219.1
Project("{FAE04EC0-301F-11D3-BF4B-00C04F79EFBC}") = "MotorcycleShops", "MotorcycleShops\MotorcycleShops.csproj", "{74B7F09B-0689-462A-A38F-144CFC5CA1C2}"
EndProject
Project("{FAE04EC0-301F-11D3-BF4B-00C04F79EFBC}") = "BussinessLogic", "BussinessLogic\BussinessLogic.csproj", "{C63B5CF1-D7F3-4236-898A-9F5492A0198D}"
EndProject
Global
	GlobalSection(SolutionConfigurationPlatforms) = preSolution
		Debug|Any CPU = Debug|Any CPU
		Release|Any CPU = Release|Any CPU
	EndGlobalSection
	GlobalSection(ProjectConfigurationPlatforms) = postSolution
		{74B7F09B-0689-462A-A38F-144CFC5CA1C2}.Debug|Any CPU.ActiveCfg = Debug|Any CPU
		{74B7F09B-0689-462A-A38F-144CFC5CA1C2}.Debug|Any CPU.Build.0 = Debug|Any CPU
		{74B7F09B-0689-462A-A38F-144CFC5CA1C2}.Release|Any CPU.ActiveCfg = Release|Any CPU
		{74B7F09B-0689-462A-A38F-144CFC5CA1C2}.Release|Any CPU.Build.0 = Release|Any CPU
		{C63B5CF1-D7F3-4236-898A-9F5492A0198D}.Debug|Any CPU.ActiveCfg = Debug|Any CPU
		{C63B5CF1-D7F3-4236-898A-9F5492A0198D}.Debug|Any CPU.Build.0 = Debug|Any CPU
		{C63B5CF1-D7F3-4236-898A-9F5492A0198D}.Release|Any CPU.ActiveCfg = Release|Any CPU
		{C63B5CF1-D7F3-4236-898A-9F5492A0198D}.Release|Any CPU.Build.0 = Release|Any CPU
	EndGlobalSection
	GlobalSection(SolutionProperties) = preSolution
		HideSolutionNode = FALSE
	EndGlobalSection
EndGlobal
